// !$*UTF8*$!
{
	archiveVersion = 1;
	classes = {
	};
	objectVersion = 46;
	objects = {

/* Begin PBXBuildFile section */
		520F49B716DEAE6700C56EC5 /* RankVoteCell.m in Sources */ = {isa = PBXBuildFile; fileRef = 520F49B616DEAE6700C56EC5 /* RankVoteCell.m */; };
		520F49BA16DEB21C00C56EC5 /* CastVoteTVC.m in Sources */ = {isa = PBXBuildFile; fileRef = 520F49B916DEB21C00C56EC5 /* CastVoteTVC.m */; };
		5213300D16D1E978007C31F9 /* CastVoteViewController.m in Sources */ = {isa = PBXBuildFile; fileRef = 5213300C16D1E978007C31F9 /* CastVoteViewController.m */; };
		5268293716CFC20B00722BA6 /* UIKit.framework in Frameworks */ = {isa = PBXBuildFile; fileRef = 5268293616CFC20B00722BA6 /* UIKit.framework */; };
		5268293916CFC20B00722BA6 /* Foundation.framework in Frameworks */ = {isa = PBXBuildFile; fileRef = 5268293816CFC20B00722BA6 /* Foundation.framework */; };
		5268293B16CFC20B00722BA6 /* CoreGraphics.framework in Frameworks */ = {isa = PBXBuildFile; fileRef = 5268293A16CFC20B00722BA6 /* CoreGraphics.framework */; };
		5268294116CFC20B00722BA6 /* InfoPlist.strings in Resources */ = {isa = PBXBuildFile; fileRef = 5268293F16CFC20B00722BA6 /* InfoPlist.strings */; };
		5268294316CFC20B00722BA6 /* main.m in Sources */ = {isa = PBXBuildFile; fileRef = 5268294216CFC20B00722BA6 /* main.m */; };
		5268294716CFC20B00722BA6 /* DDMAppDelegate.m in Sources */ = {isa = PBXBuildFile; fileRef = 5268294616CFC20B00722BA6 /* DDMAppDelegate.m */; };
		5268294916CFC20B00722BA6 /* Default.png in Resources */ = {isa = PBXBuildFile; fileRef = 5268294816CFC20B00722BA6 /* Default.png */; };
		5268294B16CFC20B00722BA6 /* Default@2x.png in Resources */ = {isa = PBXBuildFile; fileRef = 5268294A16CFC20B00722BA6 /* Default@2x.png */; };
		5268294D16CFC20B00722BA6 /* Default-568h@2x.png in Resources */ = {isa = PBXBuildFile; fileRef = 5268294C16CFC20B00722BA6 /* Default-568h@2x.png */; };
		5268295016CFC20B00722BA6 /* MainStoryboard.storyboard in Resources */ = {isa = PBXBuildFile; fileRef = 5268294E16CFC20B00722BA6 /* MainStoryboard.storyboard */; };
		5268295316CFC20B00722BA6 /* VoteListViewController.m in Sources */ = {isa = PBXBuildFile; fileRef = 5268295216CFC20B00722BA6 /* VoteListViewController.m */; };
		5268295616CFC20B00722BA6 /* VoteDetailViewController.m in Sources */ = {isa = PBXBuildFile; fileRef = 5268295516CFC20B00722BA6 /* VoteDetailViewController.m */; };
		5268295E16CFC25700722BA6 /* LoginViewController.m in Sources */ = {isa = PBXBuildFile; fileRef = 5268295D16CFC25700722BA6 /* LoginViewController.m */; };
		5268297316CFD9DD00722BA6 /* AFHTTPClient.m in Sources */ = {isa = PBXBuildFile; fileRef = 5268296116CFD9DD00722BA6 /* AFHTTPClient.m */; };
		5268297416CFD9DD00722BA6 /* AFHTTPRequestOperation.m in Sources */ = {isa = PBXBuildFile; fileRef = 5268296316CFD9DD00722BA6 /* AFHTTPRequestOperation.m */; };
		5268297516CFD9DD00722BA6 /* AFImageRequestOperation.m in Sources */ = {isa = PBXBuildFile; fileRef = 5268296516CFD9DD00722BA6 /* AFImageRequestOperation.m */; };
		5268297616CFD9DD00722BA6 /* AFJSONRequestOperation.m in Sources */ = {isa = PBXBuildFile; fileRef = 5268296716CFD9DD00722BA6 /* AFJSONRequestOperation.m */; };
		5268297716CFD9DD00722BA6 /* AFNetworkActivityIndicatorManager.m in Sources */ = {isa = PBXBuildFile; fileRef = 5268296916CFD9DD00722BA6 /* AFNetworkActivityIndicatorManager.m */; };
		5268297816CFD9DD00722BA6 /* AFPropertyListRequestOperation.m in Sources */ = {isa = PBXBuildFile; fileRef = 5268296C16CFD9DD00722BA6 /* AFPropertyListRequestOperation.m */; };
		5268297916CFD9DD00722BA6 /* AFURLConnectionOperation.m in Sources */ = {isa = PBXBuildFile; fileRef = 5268296E16CFD9DD00722BA6 /* AFURLConnectionOperation.m */; };
		5268297A16CFD9DD00722BA6 /* AFXMLRequestOperation.m in Sources */ = {isa = PBXBuildFile; fileRef = 5268297016CFD9DD00722BA6 /* AFXMLRequestOperation.m */; };
		5268297B16CFD9DD00722BA6 /* UIImageView+AFNetworking.m in Sources */ = {isa = PBXBuildFile; fileRef = 5268297216CFD9DD00722BA6 /* UIImageView+AFNetworking.m */; };
		5268297D16CFDADE00722BA6 /* SystemConfiguration.framework in Frameworks */ = {isa = PBXBuildFile; fileRef = 5268297C16CFDADE00722BA6 /* SystemConfiguration.framework */; };
		5268297F16CFDAF000722BA6 /* MobileCoreServices.framework in Frameworks */ = {isa = PBXBuildFile; fileRef = 5268297E16CFDAF000722BA6 /* MobileCoreServices.framework */; };
/* End PBXBuildFile section */

/* Begin PBXFileReference section */
		520F49B516DEAE6700C56EC5 /* RankVoteCell.h */ = {isa = PBXFileReference; fileEncoding = 4; lastKnownFileType = sourcecode.c.h; path = RankVoteCell.h; sourceTree = "<group>"; };
		520F49B616DEAE6700C56EC5 /* RankVoteCell.m */ = {isa = PBXFileReference; fileEncoding = 4; lastKnownFileType = sourcecode.c.objc; path = RankVoteCell.m; sourceTree = "<group>"; };
		520F49B816DEB21C00C56EC5 /* CastVoteTVC.h */ = {isa = PBXFileReference; fileEncoding = 4; lastKnownFileType = sourcecode.c.h; path = CastVoteTVC.h; sourceTree = "<group>"; };
		520F49B916DEB21C00C56EC5 /* CastVoteTVC.m */ = {isa = PBXFileReference; fileEncoding = 4; lastKnownFileType = sourcecode.c.objc; path = CastVoteTVC.m; sourceTree = "<group>"; };
		5213300B16D1E978007C31F9 /* CastVoteViewController.h */ = {isa = PBXFileReference; fileEncoding = 4; lastKnownFileType = sourcecode.c.h; path = CastVoteViewController.h; sourceTree = "<group>"; };
		5213300C16D1E978007C31F9 /* CastVoteViewController.m */ = {isa = PBXFileReference; fileEncoding = 4; lastKnownFileType = sourcecode.c.objc; path = CastVoteViewController.m; sourceTree = "<group>"; };
		5268293316CFC20B00722BA6 /* DecisionFactory.app */ = {isa = PBXFileReference; explicitFileType = wrapper.application; includeInIndex = 0; path = DecisionFactory.app; sourceTree = BUILT_PRODUCTS_DIR; };
		5268293616CFC20B00722BA6 /* UIKit.framework */ = {isa = PBXFileReference; lastKnownFileType = wrapper.framework; name = UIKit.framework; path = System/Library/Frameworks/UIKit.framework; sourceTree = SDKROOT; };
		5268293816CFC20B00722BA6 /* Foundation.framework */ = {isa = PBXFileReference; lastKnownFileType = wrapper.framework; name = Foundation.framework; path = System/Library/Frameworks/Foundation.framework; sourceTree = SDKROOT; };
		5268293A16CFC20B00722BA6 /* CoreGraphics.framework */ = {isa = PBXFileReference; lastKnownFileType = wrapper.framework; name = CoreGraphics.framework; path = System/Library/Frameworks/CoreGraphics.framework; sourceTree = SDKROOT; };
		5268293E16CFC20B00722BA6 /* DecisionFactory-Info.plist */ = {isa = PBXFileReference; lastKnownFileType = text.plist.xml; path = "DecisionFactory-Info.plist"; sourceTree = "<group>"; };
		5268294016CFC20B00722BA6 /* en */ = {isa = PBXFileReference; lastKnownFileType = text.plist.strings; name = en; path = en.lproj/InfoPlist.strings; sourceTree = "<group>"; };
		5268294216CFC20B00722BA6 /* main.m */ = {isa = PBXFileReference; lastKnownFileType = sourcecode.c.objc; path = main.m; sourceTree = "<group>"; };
		5268294416CFC20B00722BA6 /* DecisionFactory-Prefix.pch */ = {isa = PBXFileReference; lastKnownFileType = sourcecode.c.h; path = "DecisionFactory-Prefix.pch"; sourceTree = "<group>"; };
		5268294516CFC20B00722BA6 /* DDMAppDelegate.h */ = {isa = PBXFileReference; lastKnownFileType = sourcecode.c.h; path = DDMAppDelegate.h; sourceTree = "<group>"; };
		5268294616CFC20B00722BA6 /* DDMAppDelegate.m */ = {isa = PBXFileReference; lastKnownFileType = sourcecode.c.objc; path = DDMAppDelegate.m; sourceTree = "<group>"; };
		5268294816CFC20B00722BA6 /* Default.png */ = {isa = PBXFileReference; lastKnownFileType = image.png; path = Default.png; sourceTree = "<group>"; };
		5268294A16CFC20B00722BA6 /* Default@2x.png */ = {isa = PBXFileReference; lastKnownFileType = image.png; path = "Default@2x.png"; sourceTree = "<group>"; };
		5268294C16CFC20B00722BA6 /* Default-568h@2x.png */ = {isa = PBXFileReference; lastKnownFileType = image.png; path = "Default-568h@2x.png"; sourceTree = "<group>"; };
		5268294F16CFC20B00722BA6 /* en */ = {isa = PBXFileReference; lastKnownFileType = file.storyboard; name = en; path = en.lproj/MainStoryboard.storyboard; sourceTree = "<group>"; };
		5268295116CFC20B00722BA6 /* VoteListViewController.h */ = {isa = PBXFileReference; lastKnownFileType = sourcecode.c.h; path = VoteListViewController.h; sourceTree = "<group>"; };
		5268295216CFC20B00722BA6 /* VoteListViewController.m */ = {isa = PBXFileReference; lastKnownFileType = sourcecode.c.objc; path = VoteListViewController.m; sourceTree = "<group>"; };
		5268295416CFC20B00722BA6 /* VoteDetailViewController.h */ = {isa = PBXFileReference; lastKnownFileType = sourcecode.c.h; path = VoteDetailViewController.h; sourceTree = "<group>"; };
		5268295516CFC20B00722BA6 /* VoteDetailViewController.m */ = {isa = PBXFileReference; lastKnownFileType = sourcecode.c.objc; path = VoteDetailViewController.m; sourceTree = "<group>"; };
		5268295C16CFC25700722BA6 /* LoginViewController.h */ = {isa = PBXFileReference; fileEncoding = 4; lastKnownFileType = sourcecode.c.h; path = LoginViewController.h; sourceTree = "<group>"; };
		5268295D16CFC25700722BA6 /* LoginViewController.m */ = {isa = PBXFileReference; fileEncoding = 4; lastKnownFileType = sourcecode.c.objc; path = LoginViewController.m; sourceTree = "<group>"; };
		5268296016CFD9DD00722BA6 /* AFHTTPClient.h */ = {isa = PBXFileReference; fileEncoding = 4; lastKnownFileType = sourcecode.c.h; path = AFHTTPClient.h; sourceTree = "<group>"; };
		5268296116CFD9DD00722BA6 /* AFHTTPClient.m */ = {isa = PBXFileReference; fileEncoding = 4; lastKnownFileType = sourcecode.c.objc; path = AFHTTPClient.m; sourceTree = "<group>"; };
		5268296216CFD9DD00722BA6 /* AFHTTPRequestOperation.h */ = {isa = PBXFileReference; fileEncoding = 4; lastKnownFileType = sourcecode.c.h; path = AFHTTPRequestOperation.h; sourceTree = "<group>"; };
		5268296316CFD9DD00722BA6 /* AFHTTPRequestOperation.m */ = {isa = PBXFileReference; fileEncoding = 4; lastKnownFileType = sourcecode.c.objc; path = AFHTTPRequestOperation.m; sourceTree = "<group>"; };
		5268296416CFD9DD00722BA6 /* AFImageRequestOperation.h */ = {isa = PBXFileReference; fileEncoding = 4; lastKnownFileType = sourcecode.c.h; path = AFImageRequestOperation.h; sourceTree = "<group>"; };
		5268296516CFD9DD00722BA6 /* AFImageRequestOperation.m */ = {isa = PBXFileReference; fileEncoding = 4; lastKnownFileType = sourcecode.c.objc; path = AFImageRequestOperation.m; sourceTree = "<group>"; };
		5268296616CFD9DD00722BA6 /* AFJSONRequestOperation.h */ = {isa = PBXFileReference; fileEncoding = 4; lastKnownFileType = sourcecode.c.h; path = AFJSONRequestOperation.h; sourceTree = "<group>"; };
		5268296716CFD9DD00722BA6 /* AFJSONRequestOperation.m */ = {isa = PBXFileReference; fileEncoding = 4; lastKnownFileType = sourcecode.c.objc; path = AFJSONRequestOperation.m; sourceTree = "<group>"; };
		5268296816CFD9DD00722BA6 /* AFNetworkActivityIndicatorManager.h */ = {isa = PBXFileReference; fileEncoding = 4; lastKnownFileType = sourcecode.c.h; path = AFNetworkActivityIndicatorManager.h; sourceTree = "<group>"; };
		5268296916CFD9DD00722BA6 /* AFNetworkActivityIndicatorManager.m */ = {isa = PBXFileReference; fileEncoding = 4; lastKnownFileType = sourcecode.c.objc; path = AFNetworkActivityIndicatorManager.m; sourceTree = "<group>"; };
		5268296A16CFD9DD00722BA6 /* AFNetworking.h */ = {isa = PBXFileReference; fileEncoding = 4; lastKnownFileType = sourcecode.c.h; path = AFNetworking.h; sourceTree = "<group>"; };
		5268296B16CFD9DD00722BA6 /* AFPropertyListRequestOperation.h */ = {isa = PBXFileReference; fileEncoding = 4; lastKnownFileType = sourcecode.c.h; path = AFPropertyListRequestOperation.h; sourceTree = "<group>"; };
		5268296C16CFD9DD00722BA6 /* AFPropertyListRequestOperation.m */ = {isa = PBXFileReference; fileEncoding = 4; lastKnownFileType = sourcecode.c.objc; path = AFPropertyListRequestOperation.m; sourceTree = "<group>"; };
		5268296D16CFD9DD00722BA6 /* AFURLConnectionOperation.h */ = {isa = PBXFileReference; fileEncoding = 4; lastKnownFileType = sourcecode.c.h; path = AFURLConnectionOperation.h; sourceTree = "<group>"; };
		5268296E16CFD9DD00722BA6 /* AFURLConnectionOperation.m */ = {isa = PBXFileReference; fileEncoding = 4; lastKnownFileType = sourcecode.c.objc; path = AFURLConnectionOperation.m; sourceTree = "<group>"; };
		5268296F16CFD9DD00722BA6 /* AFXMLRequestOperation.h */ = {isa = PBXFileReference; fileEncoding = 4; lastKnownFileType = sourcecode.c.h; path = AFXMLRequestOperation.h; sourceTree = "<group>"; };
		5268297016CFD9DD00722BA6 /* AFXMLRequestOperation.m */ = {isa = PBXFileReference; fileEncoding = 4; lastKnownFileType = sourcecode.c.objc; path = AFXMLRequestOperation.m; sourceTree = "<group>"; };
		5268297116CFD9DD00722BA6 /* UIImageView+AFNetworking.h */ = {isa = PBXFileReference; fileEncoding = 4; lastKnownFileType = sourcecode.c.h; path = "UIImageView+AFNetworking.h"; sourceTree = "<group>"; };
		5268297216CFD9DD00722BA6 /* UIImageView+AFNetworking.m */ = {isa = PBXFileReference; fileEncoding = 4; lastKnownFileType = sourcecode.c.objc; path = "UIImageView+AFNetworking.m"; sourceTree = "<group>"; };
		5268297C16CFDADE00722BA6 /* SystemConfiguration.framework */ = {isa = PBXFileReference; lastKnownFileType = wrapper.framework; name = SystemConfiguration.framework; path = System/Library/Frameworks/SystemConfiguration.framework; sourceTree = SDKROOT; };
		5268297E16CFDAF000722BA6 /* MobileCoreServices.framework */ = {isa = PBXFileReference; lastKnownFileType = wrapper.framework; name = MobileCoreServices.framework; path = System/Library/Frameworks/MobileCoreServices.framework; sourceTree = SDKROOT; };
/* End PBXFileReference section */

/* Begin PBXFrameworksBuildPhase section */
		5268293016CFC20B00722BA6 /* Frameworks */ = {
			isa = PBXFrameworksBuildPhase;
			buildActionMask = 2147483647;
			files = (
				5268297F16CFDAF000722BA6 /* MobileCoreServices.framework in Frameworks */,
				5268297D16CFDADE00722BA6 /* SystemConfiguration.framework in Frameworks */,
				5268293716CFC20B00722BA6 /* UIKit.framework in Frameworks */,
				5268293916CFC20B00722BA6 /* Foundation.framework in Frameworks */,
				5268293B16CFC20B00722BA6 /* CoreGraphics.framework in Frameworks */,
			);
			runOnlyForDeploymentPostprocessing = 0;
		};
/* End PBXFrameworksBuildPhase section */

/* Begin PBXGroup section */
		5268292A16CFC20B00722BA6 = {
			isa = PBXGroup;
			children = (
				5268293C16CFC20B00722BA6 /* DecisionFactory */,
				5268293516CFC20B00722BA6 /* Frameworks */,
				5268293416CFC20B00722BA6 /* Products */,
			);
			sourceTree = "<group>";
		};
		5268293416CFC20B00722BA6 /* Products */ = {
			isa = PBXGroup;
			children = (
				5268293316CFC20B00722BA6 /* DecisionFactory.app */,
			);
			name = Products;
			sourceTree = "<group>";
		};
		5268293516CFC20B00722BA6 /* Frameworks */ = {
			isa = PBXGroup;
			children = (
				5268297E16CFDAF000722BA6 /* MobileCoreServices.framework */,
				5268297C16CFDADE00722BA6 /* SystemConfiguration.framework */,
				5268293616CFC20B00722BA6 /* UIKit.framework */,
				5268293816CFC20B00722BA6 /* Foundation.framework */,
				5268293A16CFC20B00722BA6 /* CoreGraphics.framework */,
			);
			name = Frameworks;
			sourceTree = "<group>";
		};
		5268293C16CFC20B00722BA6 /* DecisionFactory */ = {
			isa = PBXGroup;
			children = (
				5268294E16CFC20B00722BA6 /* MainStoryboard.storyboard */,
				520F49B816DEB21C00C56EC5 /* CastVoteTVC.h */,
				520F49B916DEB21C00C56EC5 /* CastVoteTVC.m */,
				5213300B16D1E978007C31F9 /* CastVoteViewController.h */,
				5213300C16D1E978007C31F9 /* CastVoteViewController.m */,
				5268295C16CFC25700722BA6 /* LoginViewController.h */,
				5268295D16CFC25700722BA6 /* LoginViewController.m */,
				520F49B516DEAE6700C56EC5 /* RankVoteCell.h */,
				520F49B616DEAE6700C56EC5 /* RankVoteCell.m */,
				5268295416CFC20B00722BA6 /* VoteDetailViewController.h */,
				5268295516CFC20B00722BA6 /* VoteDetailViewController.m */,
				5268295116CFC20B00722BA6 /* VoteListViewController.h */,
				5268295216CFC20B00722BA6 /* VoteListViewController.m */,
				5268295F16CFD9DD00722BA6 /* AFNetworking */,
				5268293D16CFC20B00722BA6 /* Supporting Files */,
			);
			path = DecisionFactory;
			sourceTree = "<group>";
		};
		5268293D16CFC20B00722BA6 /* Supporting Files */ = {
			isa = PBXGroup;
			children = (
				5268294516CFC20B00722BA6 /* DDMAppDelegate.h */,
				5268294616CFC20B00722BA6 /* DDMAppDelegate.m */,
				5268293E16CFC20B00722BA6 /* DecisionFactory-Info.plist */,
				5268293F16CFC20B00722BA6 /* InfoPlist.strings */,
				5268294216CFC20B00722BA6 /* main.m */,
				5268294416CFC20B00722BA6 /* DecisionFactory-Prefix.pch */,
				5268294816CFC20B00722BA6 /* Default.png */,
				5268294A16CFC20B00722BA6 /* Default@2x.png */,
				5268294C16CFC20B00722BA6 /* Default-568h@2x.png */,
			);
			name = "Supporting Files";
			sourceTree = "<group>";
		};
		5268295F16CFD9DD00722BA6 /* AFNetworking */ = {
			isa = PBXGroup;
			children = (
				5268296016CFD9DD00722BA6 /* AFHTTPClient.h */,
				5268296116CFD9DD00722BA6 /* AFHTTPClient.m */,
				5268296216CFD9DD00722BA6 /* AFHTTPRequestOperation.h */,
				5268296316CFD9DD00722BA6 /* AFHTTPRequestOperation.m */,
				5268296416CFD9DD00722BA6 /* AFImageRequestOperation.h */,
				5268296516CFD9DD00722BA6 /* AFImageRequestOperation.m */,
				5268296616CFD9DD00722BA6 /* AFJSONRequestOperation.h */,
				5268296716CFD9DD00722BA6 /* AFJSONRequestOperation.m */,
				5268296816CFD9DD00722BA6 /* AFNetworkActivityIndicatorManager.h */,
				5268296916CFD9DD00722BA6 /* AFNetworkActivityIndicatorManager.m */,
				5268296A16CFD9DD00722BA6 /* AFNetworking.h */,
				5268296B16CFD9DD00722BA6 /* AFPropertyListRequestOperation.h */,
				5268296C16CFD9DD00722BA6 /* AFPropertyListRequestOperation.m */,
				5268296D16CFD9DD00722BA6 /* AFURLConnectionOperation.h */,
				5268296E16CFD9DD00722BA6 /* AFURLConnectionOperation.m */,
				5268296F16CFD9DD00722BA6 /* AFXMLRequestOperation.h */,
				5268297016CFD9DD00722BA6 /* AFXMLRequestOperation.m */,
				5268297116CFD9DD00722BA6 /* UIImageView+AFNetworking.h */,
				5268297216CFD9DD00722BA6 /* UIImageView+AFNetworking.m */,
			);
			path = AFNetworking;
			sourceTree = "<group>";
		};
/* End PBXGroup section */

/* Begin PBXNativeTarget section */
		5268293216CFC20B00722BA6 /* DecisionFactory */ = {
			isa = PBXNativeTarget;
			buildConfigurationList = 5268295916CFC20B00722BA6 /* Build configuration list for PBXNativeTarget "DecisionFactory" */;
			buildPhases = (
				5268292F16CFC20B00722BA6 /* Sources */,
				5268293016CFC20B00722BA6 /* Frameworks */,
				5268293116CFC20B00722BA6 /* Resources */,
			);
			buildRules = (
			);
			dependencies = (
			);
			name = DecisionFactory;
			productName = DecisionFactory;
			productReference = 5268293316CFC20B00722BA6 /* DecisionFactory.app */;
			productType = "com.apple.product-type.application";
		};
/* End PBXNativeTarget section */

/* Begin PBXProject section */
		5268292B16CFC20B00722BA6 /* Project object */ = {
			isa = PBXProject;
			attributes = {
				CLASSPREFIX = DDM;
				LastUpgradeCheck = 0460;
				ORGANIZATIONNAME = TeamNameFactory;
			};
			buildConfigurationList = 5268292E16CFC20B00722BA6 /* Build configuration list for PBXProject "DecisionFactory" */;
			compatibilityVersion = "Xcode 3.2";
			developmentRegion = English;
			hasScannedForEncodings = 0;
			knownRegions = (
				en,
			);
			mainGroup = 5268292A16CFC20B00722BA6;
			productRefGroup = 5268293416CFC20B00722BA6 /* Products */;
			projectDirPath = "";
			projectRoot = "";
			targets = (
				5268293216CFC20B00722BA6 /* DecisionFactory */,
			);
		};
/* End PBXProject section */

/* Begin PBXResourcesBuildPhase section */
		5268293116CFC20B00722BA6 /* Resources */ = {
			isa = PBXResourcesBuildPhase;
			buildActionMask = 2147483647;
			files = (
				5268294116CFC20B00722BA6 /* InfoPlist.strings in Resources */,
				5268294916CFC20B00722BA6 /* Default.png in Resources */,
				5268294B16CFC20B00722BA6 /* Default@2x.png in Resources */,
				5268294D16CFC20B00722BA6 /* Default-568h@2x.png in Resources */,
				5268295016CFC20B00722BA6 /* MainStoryboard.storyboard in Resources */,
			);
			runOnlyForDeploymentPostprocessing = 0;
		};
/* End PBXResourcesBuildPhase section */

/* Begin PBXSourcesBuildPhase section */
		5268292F16CFC20B00722BA6 /* Sources */ = {
			isa = PBXSourcesBuildPhase;
			buildActionMask = 2147483647;
			files = (
				5268294316CFC20B00722BA6 /* main.m in Sources */,
				5268294716CFC20B00722BA6 /* DDMAppDelegate.m in Sources */,
				5268295316CFC20B00722BA6 /* VoteListViewController.m in Sources */,
				5268295616CFC20B00722BA6 /* VoteDetailViewController.m in Sources */,
				5268295E16CFC25700722BA6 /* LoginViewController.m in Sources */,
				5268297316CFD9DD00722BA6 /* AFHTTPClient.m in Sources */,
				5268297416CFD9DD00722BA6 /* AFHTTPRequestOperation.m in Sources */,
				5268297516CFD9DD00722BA6 /* AFImageRequestOperation.m in Sources */,
				5268297616CFD9DD00722BA6 /* AFJSONRequestOperation.m in Sources */,
				5268297716CFD9DD00722BA6 /* AFNetworkActivityIndicatorManager.m in Sources */,
				5268297816CFD9DD00722BA6 /* AFPropertyListRequestOperation.m in Sources */,
				5268297916CFD9DD00722BA6 /* AFURLConnectionOperation.m in Sources */,
				5268297A16CFD9DD00722BA6 /* AFXMLRequestOperation.m in Sources */,
				5268297B16CFD9DD00722BA6 /* UIImageView+AFNetworking.m in Sources */,
				5213300D16D1E978007C31F9 /* CastVoteViewController.m in Sources */,
				520F49B716DEAE6700C56EC5 /* RankVoteCell.m in Sources */,
				520F49BA16DEB21C00C56EC5 /* CastVoteTVC.m in Sources */,
			);
			runOnlyForDeploymentPostprocessing = 0;
		};
/* End PBXSourcesBuildPhase section */

/* Begin PBXVariantGroup section */
		5268293F16CFC20B00722BA6 /* InfoPlist.strings */ = {
			isa = PBXVariantGroup;
			children = (
				5268294016CFC20B00722BA6 /* en */,
			);
			name = InfoPlist.strings;
			sourceTree = "<group>";
		};
		5268294E16CFC20B00722BA6 /* MainStoryboard.storyboard */ = {
			isa = PBXVariantGroup;
			children = (
				5268294F16CFC20B00722BA6 /* en */,
			);
			name = MainStoryboard.storyboard;
			sourceTree = "<group>";
		};
/* End PBXVariantGroup section */

/* Begin XCBuildConfiguration section */
		5268295716CFC20B00722BA6 /* Debug */ = {
			isa = XCBuildConfiguration;
			buildSettings = {
				ALWAYS_SEARCH_USER_PATHS = NO;
				CLANG_CXX_LANGUAGE_STANDARD = "gnu++0x";
				CLANG_CXX_LIBRARY = "libc++";
				CLANG_ENABLE_OBJC_ARC = YES;
				CLANG_WARN_CONSTANT_CONVERSION = YES;
				CLANG_WARN_EMPTY_BODY = YES;
				CLANG_WARN_ENUM_CONVERSION = YES;
				CLANG_WARN_INT_CONVERSION = YES;
				CLANG_WARN__DUPLICATE_METHOD_MATCH = YES;
				"CODE_SIGN_IDENTITY[sdk=iphoneos*]" = "iPhone Developer";
				COPY_PHASE_STRIP = NO;
				GCC_C_LANGUAGE_STANDARD = gnu99;
				GCC_DYNAMIC_NO_PIC = NO;
				GCC_OPTIMIZATION_LEVEL = 0;
				GCC_PREPROCESSOR_DEFINITIONS = (
					"DEBUG=1",
					"$(inherited)",
				);
				GCC_SYMBOLS_PRIVATE_EXTERN = NO;
				GCC_WARN_ABOUT_RETURN_TYPE = YES;
				GCC_WARN_UNINITIALIZED_AUTOS = YES;
				GCC_WARN_UNUSED_VARIABLE = YES;
				IPHONEOS_DEPLOYMENT_TARGET = 6.1;
				ONLY_ACTIVE_ARCH = YES;
				SDKROOT = iphoneos;
			};
			name = Debug;
		};
		5268295816CFC20B00722BA6 /* Release */ = {
			isa = XCBuildConfiguration;
			buildSettings = {
				ALWAYS_SEARCH_USER_PATHS = NO;
				CLANG_CXX_LANGUAGE_STANDARD = "gnu++0x";
				CLANG_CXX_LIBRARY = "libc++";
				CLANG_ENABLE_OBJC_ARC = YES;
				CLANG_WARN_CONSTANT_CONVERSION = YES;
				CLANG_WARN_EMPTY_BODY = YES;
				CLANG_WARN_ENUM_CONVERSION = YES;
				CLANG_WARN_INT_CONVERSION = YES;
				CLANG_WARN__DUPLICATE_METHOD_MATCH = YES;
				"CODE_SIGN_IDENTITY[sdk=iphoneos*]" = "iPhone Developer";
				COPY_PHASE_STRIP = YES;
				GCC_C_LANGUAGE_STANDARD = gnu99;
				GCC_WARN_ABOUT_RETURN_TYPE = YES;
				GCC_WARN_UNINITIALIZED_AUTOS = YES;
				GCC_WARN_UNUSED_VARIABLE = YES;
				IPHONEOS_DEPLOYMENT_TARGET = 6.1;
				OTHER_CFLAGS = "-DNS_BLOCK_ASSERTIONS=1";
				SDKROOT = iphoneos;
				VALIDATE_PRODUCT = YES;
			};
			name = Release;
		};
		5268295A16CFC20B00722BA6 /* Debug */ = {
			isa = XCBuildConfiguration;
			buildSettings = {
				GCC_PRECOMPILE_PREFIX_HEADER = YES;
				GCC_PREFIX_HEADER = "DecisionFactory/DecisionFactory-Prefix.pch";
				INFOPLIST_FILE = "DecisionFactory/DecisionFactory-Info.plist";
				IPHONEOS_DEPLOYMENT_TARGET = 6.1;
				PRODUCT_NAME = "$(TARGET_NAME)";
				WRAPPER_EXTENSION = app;
			};
			name = Debug;
		};
		5268295B16CFC20B00722BA6 /* Release */ = {
			isa = XCBuildConfiguration;
			buildSettings = {
				GCC_PRECOMPILE_PREFIX_HEADER = YES;
				GCC_PREFIX_HEADER = "DecisionFactory/DecisionFactory-Prefix.pch";
				INFOPLIST_FILE = "DecisionFactory/DecisionFactory-Info.plist";
				IPHONEOS_DEPLOYMENT_TARGET = 6.1;
				PRODUCT_NAME = "$(TARGET_NAME)";
				WRAPPER_EXTENSION = app;
			};
			name = Release;
		};
/* End XCBuildConfiguration section */

/* Begin XCConfigurationList section */
		5268292E16CFC20B00722BA6 /* Build configuration list for PBXProject "DecisionFactory" */ = {
			isa = XCConfigurationList;
			buildConfigurations = (
				5268295716CFC20B00722BA6 /* Debug */,
				5268295816CFC20B00722BA6 /* Release */,
			);
			defaultConfigurationIsVisible = 0;
			defaultConfigurationName = Release;
		};
		5268295916CFC20B00722BA6 /* Build configuration list for PBXNativeTarget "DecisionFactory" */ = {
			isa = XCConfigurationList;
			buildConfigurations = (
				5268295A16CFC20B00722BA6 /* Debug */,
				5268295B16CFC20B00722BA6 /* Release */,
			);
			defaultConfigurationIsVisible = 0;
			defaultConfigurationName = Release;
		};
/* End XCConfigurationList section */
	};
	rootObject = 5268292B16CFC20B00722BA6 /* Project object */;
}
